
Microsoft Visual Studio Solution File, Format Version 12.00
# Visual Studio Version 16
VisualStudioVersion = 16.0.29926.136
MinimumVisualStudioVersion = 10.0.40219.1
Project("{FAE04EC0-301F-11D3-BF4B-00C04F79EFBC}") = "Reproductor_Primitivo", "Reproductor_Primitivo\Reproductor_Primitivo.csproj", "{7B932853-9E41-44C2-AC95-2158A11F499F}"
EndProject
Global
	GlobalSection(SolutionConfigurationPlatforms) = preSolution
		Debug|Any CPU = Debug|Any CPU
		Release|Any CPU = Release|Any CPU
	EndGlobalSection
	GlobalSection(ProjectConfigurationPlatforms) = postSolution
		{7B932853-9E41-44C2-AC95-2158A11F499F}.Debug|Any CPU.ActiveCfg = Debug|Any CPU
		{7B932853-9E41-44C2-AC95-2158A11F499F}.Debug|Any CPU.Build.0 = Debug|Any CPU
		{7B932853-9E41-44C2-AC95-2158A11F499F}.Release|Any CPU.ActiveCfg = Release|Any CPU
		{7B932853-9E41-44C2-AC95-2158A11F499F}.Release|Any CPU.Build.0 = Release|Any CPU
	EndGlobalSection
	GlobalSection(SolutionProperties) = preSolution
		HideSolutionNode = FALSE
	EndGlobalSection
	GlobalSection(ExtensibilityGlobals) = postSolution
		SolutionGuid = {C2F6C335-603A-4317-B09C-744E60BEEDBF}
	EndGlobalSection
EndGlobal
